
Microsoft Visual Studio Solution File, Format Version 12.00
# Visual Studio Version 17
VisualStudioVersion = 17.2.32516.85
MinimumVisualStudioVersion = 10.0.40219.1
Project("{FAE04EC0-301F-11D3-BF4B-00C04F79EFBC}") = "ClassManagerApp", "ClassManagerApp.csproj", "{6808DE99-9998-45B6-A363-CF646F41082F}"
EndProject
Global
	GlobalSection(SolutionConfigurationPlatforms) = preSolution
		Debug|Any CPU = Debug|Any CPU
		Release|Any CPU = Release|Any CPU
	EndGlobalSection
	GlobalSection(ProjectConfigurationPlatforms) = postSolution
		{6808DE99-9998-45B6-A363-CF646F41082F}.Debug|Any CPU.ActiveCfg = Debug|Any CPU
		{6808DE99-9998-45B6-A363-CF646F41082F}.Debug|Any CPU.Build.0 = Debug|Any CPU
		{6808DE99-9998-45B6-A363-CF646F41082F}.Release|Any CPU.ActiveCfg = Release|Any CPU
		{6808DE99-9998-45B6-A363-CF646F41082F}.Release|Any CPU.Build.0 = Release|Any CPU
	EndGlobalSection
	GlobalSection(SolutionProperties) = preSolution
		HideSolutionNode = FALSE
	EndGlobalSection
	GlobalSection(ExtensibilityGlobals) = postSolution
		SolutionGuid = {374C542E-2514-4EFB-A9AE-5EFE561B9E82}
	EndGlobalSection
EndGlobal
